
Microsoft Visual Studio Solution File, Format Version 12.00
# Visual Studio Version 17
VisualStudioVersion = 17.3.32922.545
MinimumVisualStudioVersion = 10.0.40219.1
Project("{9A19103F-16F7-4668-BE54-9A1E7A4F7556}") = "MyProject.Repositoties", "MyProject.Repositoties\MyProject.Repositoties.csproj", "{9784AC64-2DD3-4B56-AC89-4A808E08A4D9}"
EndProject
Project("{9A19103F-16F7-4668-BE54-9A1E7A4F7556}") = "MyProject.ConsoleUp", "MyProject.ConsoleUp\MyProject.ConsoleUp.csproj", "{C237821D-F58A-4E96-8EC8-1620D6C0F703}"
EndProject
Project("{9A19103F-16F7-4668-BE54-9A1E7A4F7556}") = "MyProject.Mock", "MyProject.Mock\MyProject.Mock.csproj", "{727BC0FC-1725-43F8-8A46-169CF9455B57}"
EndProject
Project("{9A19103F-16F7-4668-BE54-9A1E7A4F7556}") = "MyProject.WebApi", "MyProject.WebApi\MyProject.WebApi.csproj", "{95B4A937-460A-4E4E-988C-F5383B32F8C6}"
EndProject
Project("{9A19103F-16F7-4668-BE54-9A1E7A4F7556}") = "MyProject.Services", "MyProject.Services\MyProject.Services.csproj", "{326526A9-2432-4D6C-A535-EBB04A43FFD4}"
EndProject
Project("{9A19103F-16F7-4668-BE54-9A1E7A4F7556}") = "MyProject.Common", "MyProject.Common\MyProject.Common.csproj", "{32951B2C-DC96-415F-840E-7FCA186CA059}"
EndProject
Project("{FAE04EC0-301F-11D3-BF4B-00C04F79EFBC}") = "MyProject.Contex", "MyProject.Contex\MyProject.Contex.csproj", "{E6DBBF77-DC4F-486F-A6B1-3D220142428A}"
EndProject
Global
	GlobalSection(SolutionConfigurationPlatforms) = preSolution
		Debug|Any CPU = Debug|Any CPU
		Release|Any CPU = Release|Any CPU
	EndGlobalSection
	GlobalSection(ProjectConfigurationPlatforms) = postSolution
		{9784AC64-2DD3-4B56-AC89-4A808E08A4D9}.Debug|Any CPU.ActiveCfg = Debug|Any CPU
		{9784AC64-2DD3-4B56-AC89-4A808E08A4D9}.Debug|Any CPU.Build.0 = Debug|Any CPU
		{9784AC64-2DD3-4B56-AC89-4A808E08A4D9}.Release|Any CPU.ActiveCfg = Release|Any CPU
		{9784AC64-2DD3-4B56-AC89-4A808E08A4D9}.Release|Any CPU.Build.0 = Release|Any CPU
		{C237821D-F58A-4E96-8EC8-1620D6C0F703}.Debug|Any CPU.ActiveCfg = Debug|Any CPU
		{C237821D-F58A-4E96-8EC8-1620D6C0F703}.Debug|Any CPU.Build.0 = Debug|Any CPU
		{C237821D-F58A-4E96-8EC8-1620D6C0F703}.Release|Any CPU.ActiveCfg = Release|Any CPU
		{C237821D-F58A-4E96-8EC8-1620D6C0F703}.Release|Any CPU.Build.0 = Release|Any CPU
		{727BC0FC-1725-43F8-8A46-169CF9455B57}.Debug|Any CPU.ActiveCfg = Debug|Any CPU
		{727BC0FC-1725-43F8-8A46-169CF9455B57}.Debug|Any CPU.Build.0 = Debug|Any CPU
		{727BC0FC-1725-43F8-8A46-169CF9455B57}.Release|Any CPU.ActiveCfg = Release|Any CPU
		{727BC0FC-1725-43F8-8A46-169CF9455B57}.Release|Any CPU.Build.0 = Release|Any CPU
		{95B4A937-460A-4E4E-988C-F5383B32F8C6}.Debug|Any CPU.ActiveCfg = Debug|Any CPU
		{95B4A937-460A-4E4E-988C-F5383B32F8C6}.Debug|Any CPU.Build.0 = Debug|Any CPU
		{95B4A937-460A-4E4E-988C-F5383B32F8C6}.Release|Any CPU.ActiveCfg = Release|Any CPU
		{95B4A937-460A-4E4E-988C-F5383B32F8C6}.Release|Any CPU.Build.0 = Release|Any CPU
		{326526A9-2432-4D6C-A535-EBB04A43FFD4}.Debug|Any CPU.ActiveCfg = Debug|Any CPU
		{326526A9-2432-4D6C-A535-EBB04A43FFD4}.Debug|Any CPU.Build.0 = Debug|Any CPU
		{326526A9-2432-4D6C-A535-EBB04A43FFD4}.Release|Any CPU.ActiveCfg = Release|Any CPU
		{326526A9-2432-4D6C-A535-EBB04A43FFD4}.Release|Any CPU.Build.0 = Release|Any CPU
		{32951B2C-DC96-415F-840E-7FCA186CA059}.Debug|Any CPU.ActiveCfg = Debug|Any CPU
		{32951B2C-DC96-415F-840E-7FCA186CA059}.Debug|Any CPU.Build.0 = Debug|Any CPU
		{32951B2C-DC96-415F-840E-7FCA186CA059}.Release|Any CPU.ActiveCfg = Release|Any CPU
		{32951B2C-DC96-415F-840E-7FCA186CA059}.Release|Any CPU.Build.0 = Release|Any CPU
		{E6DBBF77-DC4F-486F-A6B1-3D220142428A}.Debug|Any CPU.ActiveCfg = Debug|Any CPU
		{E6DBBF77-DC4F-486F-A6B1-3D220142428A}.Debug|Any CPU.Build.0 = Debug|Any CPU
		{E6DBBF77-DC4F-486F-A6B1-3D220142428A}.Release|Any CPU.ActiveCfg = Release|Any CPU
		{E6DBBF77-DC4F-486F-A6B1-3D220142428A}.Release|Any CPU.Build.0 = Release|Any CPU
	EndGlobalSection
	GlobalSection(SolutionProperties) = preSolution
		HideSolutionNode = FALSE
	EndGlobalSection
	GlobalSection(ExtensibilityGlobals) = postSolution
		SolutionGuid = {1DF79B58-AA77-4C63-ADFE-2E42AA684B79}
	EndGlobalSection
EndGlobal
